
Microsoft Visual Studio Solution File, Format Version 12.00
# Visual Studio Version 17
VisualStudioVersion = 17.13.35818.85 d17.13
MinimumVisualStudioVersion = 10.0.40219.1
Project("{FAE04EC0-301F-11D3-BF4B-00C04F79EFBC}") = "Task 01", "Task 01\Task 01.csproj", "{0AD7E914-D693-4657-80AA-8B7DB08FB8C4}"
EndProject
Project("{FAE04EC0-301F-11D3-BF4B-00C04F79EFBC}") = "Task 02", "Task 02\Task 02.csproj", "{661D692A-46F4-4B85-84DA-AD34C597FD5C}"
EndProject
Project("{FAE04EC0-301F-11D3-BF4B-00C04F79EFBC}") = "Task 03", "Task 03\Task 03.csproj", "{D5DA6C64-8165-473C-92CC-62EEC1F08BBD}"
EndProject
Project("{FAE04EC0-301F-11D3-BF4B-00C04F79EFBC}") = "Task 04", "Task 04\Task 04.csproj", "{05423B9E-C7C9-47D7-AE9E-874746566D45}"
EndProject
Global
	GlobalSection(SolutionConfigurationPlatforms) = preSolution
		Debug|Any CPU = Debug|Any CPU
		Release|Any CPU = Release|Any CPU
	EndGlobalSection
	GlobalSection(ProjectConfigurationPlatforms) = postSolution
		{0AD7E914-D693-4657-80AA-8B7DB08FB8C4}.Debug|Any CPU.ActiveCfg = Debug|Any CPU
		{0AD7E914-D693-4657-80AA-8B7DB08FB8C4}.Debug|Any CPU.Build.0 = Debug|Any CPU
		{0AD7E914-D693-4657-80AA-8B7DB08FB8C4}.Release|Any CPU.ActiveCfg = Release|Any CPU
		{0AD7E914-D693-4657-80AA-8B7DB08FB8C4}.Release|Any CPU.Build.0 = Release|Any CPU
		{661D692A-46F4-4B85-84DA-AD34C597FD5C}.Debug|Any CPU.ActiveCfg = Debug|Any CPU
		{661D692A-46F4-4B85-84DA-AD34C597FD5C}.Debug|Any CPU.Build.0 = Debug|Any CPU
		{661D692A-46F4-4B85-84DA-AD34C597FD5C}.Release|Any CPU.ActiveCfg = Release|Any CPU
		{661D692A-46F4-4B85-84DA-AD34C597FD5C}.Release|Any CPU.Build.0 = Release|Any CPU
		{D5DA6C64-8165-473C-92CC-62EEC1F08BBD}.Debug|Any CPU.ActiveCfg = Debug|Any CPU
		{D5DA6C64-8165-473C-92CC-62EEC1F08BBD}.Debug|Any CPU.Build.0 = Debug|Any CPU
		{D5DA6C64-8165-473C-92CC-62EEC1F08BBD}.Release|Any CPU.ActiveCfg = Release|Any CPU
		{D5DA6C64-8165-473C-92CC-62EEC1F08BBD}.Release|Any CPU.Build.0 = Release|Any CPU
		{05423B9E-C7C9-47D7-AE9E-874746566D45}.Debug|Any CPU.ActiveCfg = Debug|Any CPU
		{05423B9E-C7C9-47D7-AE9E-874746566D45}.Debug|Any CPU.Build.0 = Debug|Any CPU
		{05423B9E-C7C9-47D7-AE9E-874746566D45}.Release|Any CPU.ActiveCfg = Release|Any CPU
		{05423B9E-C7C9-47D7-AE9E-874746566D45}.Release|Any CPU.Build.0 = Release|Any CPU
	EndGlobalSection
	GlobalSection(SolutionProperties) = preSolution
		HideSolutionNode = FALSE
	EndGlobalSection
	GlobalSection(ExtensibilityGlobals) = postSolution
		SolutionGuid = {607B4485-BBA7-424F-9CF5-DDA7697A8F54}
	EndGlobalSection
EndGlobal
