
Microsoft Visual Studio Solution File, Format Version 12.00
# Visual Studio Version 17
VisualStudioVersion = 17.13.35818.85 d17.13
MinimumVisualStudioVersion = 10.0.40219.1
Project("{FAE04EC0-301F-11D3-BF4B-00C04F79EFBC}") = "Task 01", "Task 01\Task 01.csproj", "{4692A38C-FF04-469F-B3AE-16DDE27E58E5}"
EndProject
Project("{FAE04EC0-301F-11D3-BF4B-00C04F79EFBC}") = "Task 02", "Task 02\Task 02.csproj", "{B635250B-A346-419B-8B5E-E97E49918FBC}"
EndProject
Global
	GlobalSection(SolutionConfigurationPlatforms) = preSolution
		Debug|Any CPU = Debug|Any CPU
		Release|Any CPU = Release|Any CPU
	EndGlobalSection
	GlobalSection(ProjectConfigurationPlatforms) = postSolution
		{4692A38C-FF04-469F-B3AE-16DDE27E58E5}.Debug|Any CPU.ActiveCfg = Debug|Any CPU
		{4692A38C-FF04-469F-B3AE-16DDE27E58E5}.Debug|Any CPU.Build.0 = Debug|Any CPU
		{4692A38C-FF04-469F-B3AE-16DDE27E58E5}.Release|Any CPU.ActiveCfg = Release|Any CPU
		{4692A38C-FF04-469F-B3AE-16DDE27E58E5}.Release|Any CPU.Build.0 = Release|Any CPU
		{B635250B-A346-419B-8B5E-E97E49918FBC}.Debug|Any CPU.ActiveCfg = Debug|Any CPU
		{B635250B-A346-419B-8B5E-E97E49918FBC}.Debug|Any CPU.Build.0 = Debug|Any CPU
		{B635250B-A346-419B-8B5E-E97E49918FBC}.Release|Any CPU.ActiveCfg = Release|Any CPU
		{B635250B-A346-419B-8B5E-E97E49918FBC}.Release|Any CPU.Build.0 = Release|Any CPU
	EndGlobalSection
	GlobalSection(SolutionProperties) = preSolution
		HideSolutionNode = FALSE
	EndGlobalSection
	GlobalSection(ExtensibilityGlobals) = postSolution
		SolutionGuid = {4630D02A-F1C9-4274-A14F-DC60E0E012CB}
	EndGlobalSection
EndGlobal
